
Microsoft Visual Studio Solution File, Format Version 12.00
# Visual Studio Version 17
VisualStudioVersion = 17.5.33502.453
MinimumVisualStudioVersion = 10.0.40219.1
Project("{FAE04EC0-301F-11D3-BF4B-00C04F79EFBC}") = "forca", "forca\forca.csproj", "{08780A7D-B85F-4A8C-A5BF-4EF15DE679CE}"
EndProject
Global
	GlobalSection(SolutionConfigurationPlatforms) = preSolution
		Debug|Any CPU = Debug|Any CPU
		Release|Any CPU = Release|Any CPU
	EndGlobalSection
	GlobalSection(ProjectConfigurationPlatforms) = postSolution
		{08780A7D-B85F-4A8C-A5BF-4EF15DE679CE}.Debug|Any CPU.ActiveCfg = Debug|Any CPU
		{08780A7D-B85F-4A8C-A5BF-4EF15DE679CE}.Debug|Any CPU.Build.0 = Debug|Any CPU
		{08780A7D-B85F-4A8C-A5BF-4EF15DE679CE}.Release|Any CPU.ActiveCfg = Release|Any CPU
		{08780A7D-B85F-4A8C-A5BF-4EF15DE679CE}.Release|Any CPU.Build.0 = Release|Any CPU
	EndGlobalSection
	GlobalSection(SolutionProperties) = preSolution
		HideSolutionNode = FALSE
	EndGlobalSection
	GlobalSection(ExtensibilityGlobals) = postSolution
		SolutionGuid = {A7BC2E72-0BB0-4747-AC46-59B2B03F5505}
	EndGlobalSection
EndGlobal
